
Microsoft Visual Studio Solution File, Format Version 12.00
# Visual Studio Version 17
VisualStudioVersion = 17.8.34511.84
MinimumVisualStudioVersion = 10.0.40219.1
Project("{FAE04EC0-301F-11D3-BF4B-00C04F79EFBC}") = "Rental", "Rental\Rental.csproj", "{2BFF3C8D-8D17-4AC0-8CCA-6B3AED31A48F}"
EndProject
Project("{2150E333-8FDC-42A3-9474-1A3956D46DE8}") = "Libraries", "Libraries", "{F8DD046C-06E4-4310-B1B8-21960F1A05A6}"
EndProject
Project("{FAE04EC0-301F-11D3-BF4B-00C04F79EFBC}") = "Rental.ViewModels", "Libraries\Rental.ViewModels\Rental.ViewModels.csproj", "{BB51A573-69DD-4EC8-AB4A-7E62C26BD0AD}"
EndProject
Project("{FAE04EC0-301F-11D3-BF4B-00C04F79EFBC}") = "Rental.Models", "Libraries\Rental.Models\Rental.Models.csproj", "{77C636EB-2B62-4434-9F84-2DBEFCFA3392}"
EndProject
Project("{FAE04EC0-301F-11D3-BF4B-00C04F79EFBC}") = "Rental.Repository", "Libraries\Rental.Repository\Rental.Repository.csproj", "{0EFD1BF7-24A7-435C-842C-029435632021}"
EndProject
Project("{FAE04EC0-301F-11D3-BF4B-00C04F79EFBC}") = "Rental.DataAccessLayer", "Libraries\Rental.DataAccessLayer\Rental.DataAccessLayer.csproj", "{4F79D947-696A-4BB9-ACB7-F89FC580C80D}"
EndProject
Project("{FAE04EC0-301F-11D3-BF4B-00C04F79EFBC}") = "Rental.BussinessLayer", "Rental.BussinessLayer\Rental.BussinessLayer.csproj", "{1FCB9F58-11B1-4B7C-8FC8-567146A559F0}"
EndProject
Global
	GlobalSection(SolutionConfigurationPlatforms) = preSolution
		Debug|Any CPU = Debug|Any CPU
		Release|Any CPU = Release|Any CPU
	EndGlobalSection
	GlobalSection(ProjectConfigurationPlatforms) = postSolution
		{2BFF3C8D-8D17-4AC0-8CCA-6B3AED31A48F}.Debug|Any CPU.ActiveCfg = Debug|Any CPU
		{2BFF3C8D-8D17-4AC0-8CCA-6B3AED31A48F}.Debug|Any CPU.Build.0 = Debug|Any CPU
		{2BFF3C8D-8D17-4AC0-8CCA-6B3AED31A48F}.Release|Any CPU.ActiveCfg = Release|Any CPU
		{2BFF3C8D-8D17-4AC0-8CCA-6B3AED31A48F}.Release|Any CPU.Build.0 = Release|Any CPU
		{BB51A573-69DD-4EC8-AB4A-7E62C26BD0AD}.Debug|Any CPU.ActiveCfg = Debug|Any CPU
		{BB51A573-69DD-4EC8-AB4A-7E62C26BD0AD}.Debug|Any CPU.Build.0 = Debug|Any CPU
		{BB51A573-69DD-4EC8-AB4A-7E62C26BD0AD}.Release|Any CPU.ActiveCfg = Release|Any CPU
		{BB51A573-69DD-4EC8-AB4A-7E62C26BD0AD}.Release|Any CPU.Build.0 = Release|Any CPU
		{77C636EB-2B62-4434-9F84-2DBEFCFA3392}.Debug|Any CPU.ActiveCfg = Debug|Any CPU
		{77C636EB-2B62-4434-9F84-2DBEFCFA3392}.Debug|Any CPU.Build.0 = Debug|Any CPU
		{77C636EB-2B62-4434-9F84-2DBEFCFA3392}.Release|Any CPU.ActiveCfg = Release|Any CPU
		{77C636EB-2B62-4434-9F84-2DBEFCFA3392}.Release|Any CPU.Build.0 = Release|Any CPU
		{0EFD1BF7-24A7-435C-842C-029435632021}.Debug|Any CPU.ActiveCfg = Debug|Any CPU
		{0EFD1BF7-24A7-435C-842C-029435632021}.Debug|Any CPU.Build.0 = Debug|Any CPU
		{0EFD1BF7-24A7-435C-842C-029435632021}.Release|Any CPU.ActiveCfg = Release|Any CPU
		{0EFD1BF7-24A7-435C-842C-029435632021}.Release|Any CPU.Build.0 = Release|Any CPU
		{4F79D947-696A-4BB9-ACB7-F89FC580C80D}.Debug|Any CPU.ActiveCfg = Debug|Any CPU
		{4F79D947-696A-4BB9-ACB7-F89FC580C80D}.Debug|Any CPU.Build.0 = Debug|Any CPU
		{4F79D947-696A-4BB9-ACB7-F89FC580C80D}.Release|Any CPU.ActiveCfg = Release|Any CPU
		{4F79D947-696A-4BB9-ACB7-F89FC580C80D}.Release|Any CPU.Build.0 = Release|Any CPU
		{1FCB9F58-11B1-4B7C-8FC8-567146A559F0}.Debug|Any CPU.ActiveCfg = Debug|Any CPU
		{1FCB9F58-11B1-4B7C-8FC8-567146A559F0}.Debug|Any CPU.Build.0 = Debug|Any CPU
		{1FCB9F58-11B1-4B7C-8FC8-567146A559F0}.Release|Any CPU.ActiveCfg = Release|Any CPU
		{1FCB9F58-11B1-4B7C-8FC8-567146A559F0}.Release|Any CPU.Build.0 = Release|Any CPU
	EndGlobalSection
	GlobalSection(SolutionProperties) = preSolution
		HideSolutionNode = FALSE
	EndGlobalSection
	GlobalSection(NestedProjects) = preSolution
		{BB51A573-69DD-4EC8-AB4A-7E62C26BD0AD} = {F8DD046C-06E4-4310-B1B8-21960F1A05A6}
		{77C636EB-2B62-4434-9F84-2DBEFCFA3392} = {F8DD046C-06E4-4310-B1B8-21960F1A05A6}
		{0EFD1BF7-24A7-435C-842C-029435632021} = {F8DD046C-06E4-4310-B1B8-21960F1A05A6}
		{4F79D947-696A-4BB9-ACB7-F89FC580C80D} = {F8DD046C-06E4-4310-B1B8-21960F1A05A6}
		{1FCB9F58-11B1-4B7C-8FC8-567146A559F0} = {F8DD046C-06E4-4310-B1B8-21960F1A05A6}
	EndGlobalSection
	GlobalSection(ExtensibilityGlobals) = postSolution
		SolutionGuid = {89145072-A131-45C7-87C6-A48AD28D58A7}
	EndGlobalSection
EndGlobal
